// !$*UTF8*$!
{
	archiveVersion = 1;
	classes = {
	};
	objectVersion = 56;
	objects = {

/* Begin PBXBuildFile section */
		FA2E29E72AE452DB004A2B37 /* Mission-View.swift in Sources */ = {isa = PBXBuildFile; fileRef = FA2E29E62AE452DB004A2B37 /* Mission-View.swift */; };
		FA2E29E92AE454DE004A2B37 /* astronauts.json in Resources */ = {isa = PBXBuildFile; fileRef = FA2E29E82AE454DE004A2B37 /* astronauts.json */; };
		FA2E29EB2AE454EB004A2B37 /* missions.json in Resources */ = {isa = PBXBuildFile; fileRef = FA2E29EA2AE454EB004A2B37 /* missions.json */; };
		FA3A28F62AE6DB5B0096C16D /* Astronaut_View.swift in Sources */ = {isa = PBXBuildFile; fileRef = FA3A28F52AE6DB5B0096C16D /* Astronaut_View.swift */; };
		FA453D172AE29F32001EBD0A /* Bundle-Decoder.swift in Sources */ = {isa = PBXBuildFile; fileRef = FA453D162AE29F32001EBD0A /* Bundle-Decoder.swift */; };
		FA453D192AE29F9A001EBD0A /* Astronaut-Model.swift in Sources */ = {isa = PBXBuildFile; fileRef = FA453D182AE29F9A001EBD0A /* Astronaut-Model.swift */; };
		FA453D1B2AE2A7D2001EBD0A /* Mission-Model.swift in Sources */ = {isa = PBXBuildFile; fileRef = FA453D1A2AE2A7D2001EBD0A /* Mission-Model.swift */; };
		FAABCE542AE1D6FA0004BFAB /* MoonShotApp.swift in Sources */ = {isa = PBXBuildFile; fileRef = FAABCE532AE1D6FA0004BFAB /* MoonShotApp.swift */; };
		FAABCE562AE1D6FA0004BFAB /* ContentView.swift in Sources */ = {isa = PBXBuildFile; fileRef = FAABCE552AE1D6FA0004BFAB /* ContentView.swift */; };
		FAABCE582AE1D6FB0004BFAB /* Assets.xcassets in Resources */ = {isa = PBXBuildFile; fileRef = FAABCE572AE1D6FB0004BFAB /* Assets.xcassets */; };
		FAABCE5B2AE1D6FB0004BFAB /* Preview Assets.xcassets in Resources */ = {isa = PBXBuildFile; fileRef = FAABCE5A2AE1D6FB0004BFAB /* Preview Assets.xcassets */; };
		FAE722BE2AE307BE0096CEEF /* Color-Theme.swift in Sources */ = {isa = PBXBuildFile; fileRef = FAE722BD2AE307BE0096CEEF /* Color-Theme.swift */; };
/* End PBXBuildFile section */

/* Begin PBXFileReference section */
		FA2E29E62AE452DB004A2B37 /* Mission-View.swift */ = {isa = PBXFileReference; lastKnownFileType = sourcecode.swift; path = "Mission-View.swift"; sourceTree = "<group>"; };
		FA2E29E82AE454DE004A2B37 /* astronauts.json */ = {isa = PBXFileReference; fileEncoding = 4; lastKnownFileType = text.json; path = astronauts.json; sourceTree = "<group>"; };
		FA2E29EA2AE454EB004A2B37 /* missions.json */ = {isa = PBXFileReference; fileEncoding = 4; lastKnownFileType = text.json; path = missions.json; sourceTree = "<group>"; };
		FA3A28F52AE6DB5B0096C16D /* Astronaut_View.swift */ = {isa = PBXFileReference; lastKnownFileType = sourcecode.swift; path = Astronaut_View.swift; sourceTree = "<group>"; };
		FA453D162AE29F32001EBD0A /* Bundle-Decoder.swift */ = {isa = PBXFileReference; lastKnownFileType = sourcecode.swift; path = "Bundle-Decoder.swift"; sourceTree = "<group>"; };
		FA453D182AE29F9A001EBD0A /* Astronaut-Model.swift */ = {isa = PBXFileReference; lastKnownFileType = sourcecode.swift; path = "Astronaut-Model.swift"; sourceTree = "<group>"; };
		FA453D1A2AE2A7D2001EBD0A /* Mission-Model.swift */ = {isa = PBXFileReference; lastKnownFileType = sourcecode.swift; path = "Mission-Model.swift"; sourceTree = "<group>"; };
		FAABCE502AE1D6FA0004BFAB /* MoonShot.app */ = {isa = PBXFileReference; explicitFileType = wrapper.application; includeInIndex = 0; path = MoonShot.app; sourceTree = BUILT_PRODUCTS_DIR; };
		FAABCE532AE1D6FA0004BFAB /* MoonShotApp.swift */ = {isa = PBXFileReference; lastKnownFileType = sourcecode.swift; path = MoonShotApp.swift; sourceTree = "<group>"; };
		FAABCE552AE1D6FA0004BFAB /* ContentView.swift */ = {isa = PBXFileReference; lastKnownFileType = sourcecode.swift; path = ContentView.swift; sourceTree = "<group>"; };
		FAABCE572AE1D6FB0004BFAB /* Assets.xcassets */ = {isa = PBXFileReference; lastKnownFileType = folder.assetcatalog; path = Assets.xcassets; sourceTree = "<group>"; };
		FAABCE5A2AE1D6FB0004BFAB /* Preview Assets.xcassets */ = {isa = PBXFileReference; lastKnownFileType = folder.assetcatalog; path = "Preview Assets.xcassets"; sourceTree = "<group>"; };
		FAE722BD2AE307BE0096CEEF /* Color-Theme.swift */ = {isa = PBXFileReference; lastKnownFileType = sourcecode.swift; path = "Color-Theme.swift"; sourceTree = "<group>"; };
/* End PBXFileReference section */

/* Begin PBXFrameworksBuildPhase section */
		FAABCE4D2AE1D6FA0004BFAB /* Frameworks */ = {
			isa = PBXFrameworksBuildPhase;
			buildActionMask = 2147483647;
			files = (
			);
			runOnlyForDeploymentPostprocessing = 0;
		};
/* End PBXFrameworksBuildPhase section */

/* Begin PBXGroup section */
		FAABCE472AE1D6F90004BFAB = {
			isa = PBXGroup;
			children = (
				FAABCE522AE1D6FA0004BFAB /* MoonShot */,
				FAABCE512AE1D6FA0004BFAB /* Products */,
			);
			sourceTree = "<group>";
		};
		FAABCE512AE1D6FA0004BFAB /* Products */ = {
			isa = PBXGroup;
			children = (
				FAABCE502AE1D6FA0004BFAB /* MoonShot.app */,
			);
			name = Products;
			sourceTree = "<group>";
		};
		FAABCE522AE1D6FA0004BFAB /* MoonShot */ = {
			isa = PBXGroup;
			children = (
				FAABCE532AE1D6FA0004BFAB /* MoonShotApp.swift */,
				FAABCE552AE1D6FA0004BFAB /* ContentView.swift */,
				FAE722BD2AE307BE0096CEEF /* Color-Theme.swift */,
				FA453D162AE29F32001EBD0A /* Bundle-Decoder.swift */,
				FA453D1A2AE2A7D2001EBD0A /* Mission-Model.swift */,
				FA453D182AE29F9A001EBD0A /* Astronaut-Model.swift */,
				FA2E29E62AE452DB004A2B37 /* Mission-View.swift */,
				FA3A28F52AE6DB5B0096C16D /* Astronaut_View.swift */,
				FA2E29E82AE454DE004A2B37 /* astronauts.json */,
				FA2E29EA2AE454EB004A2B37 /* missions.json */,
				FAABCE572AE1D6FB0004BFAB /* Assets.xcassets */,
				FAABCE592AE1D6FB0004BFAB /* Preview Content */,
			);
			path = MoonShot;
			sourceTree = "<group>";
		};
		FAABCE592AE1D6FB0004BFAB /* Preview Content */ = {
			isa = PBXGroup;
			children = (
				FAABCE5A2AE1D6FB0004BFAB /* Preview Assets.xcassets */,
			);
			path = "Preview Content";
			sourceTree = "<group>";
		};
/* End PBXGroup section */

/* Begin PBXNativeTarget section */
		FAABCE4F2AE1D6FA0004BFAB /* MoonShot */ = {
			isa = PBXNativeTarget;
			buildConfigurationList = FAABCE5E2AE1D6FB0004BFAB /* Build configuration list for PBXNativeTarget "MoonShot" */;
			buildPhases = (
				FAABCE4C2AE1D6FA0004BFAB /* Sources */,
				FAABCE4D2AE1D6FA0004BFAB /* Frameworks */,
				FAABCE4E2AE1D6FA0004BFAB /* Resources */,
			);
			buildRules = (
			);
			dependencies = (
			);
			name = MoonShot;
			productName = MoonShot;
			productReference = FAABCE502AE1D6FA0004BFAB /* MoonShot.app */;
			productType = "com.apple.product-type.application";
		};
/* End PBXNativeTarget section */

/* Begin PBXProject section */
		FAABCE482AE1D6F90004BFAB /* Project object */ = {
			isa = PBXProject;
			attributes = {
				BuildIndependentTargetsInParallel = 1;
				LastSwiftUpdateCheck = 1500;
				LastUpgradeCheck = 1500;
				TargetAttributes = {
					FAABCE4F2AE1D6FA0004BFAB = {
						CreatedOnToolsVersion = 15.0;
					};
				};
			};
			buildConfigurationList = FAABCE4B2AE1D6F90004BFAB /* Build configuration list for PBXProject "MoonShot" */;
			compatibilityVersion = "Xcode 14.0";
			developmentRegion = en;
			hasScannedForEncodings = 0;
			knownRegions = (
				en,
				Base,
			);
			mainGroup = FAABCE472AE1D6F90004BFAB;
			productRefGroup = FAABCE512AE1D6FA0004BFAB /* Products */;
			projectDirPath = "";
			projectRoot = "";
			targets = (
				FAABCE4F2AE1D6FA0004BFAB /* MoonShot */,
			);
		};
/* End PBXProject section */

/* Begin PBXResourcesBuildPhase section */
		FAABCE4E2AE1D6FA0004BFAB /* Resources */ = {
			isa = PBXResourcesBuildPhase;
			buildActionMask = 2147483647;
			files = (
				FA2E29E92AE454DE004A2B37 /* astronauts.json in Resources */,
				FAABCE5B2AE1D6FB0004BFAB /* Preview Assets.xcassets in Resources */,
				FA2E29EB2AE454EB004A2B37 /* missions.json in Resources */,
				FAABCE582AE1D6FB0004BFAB /* Assets.xcassets in Resources */,
			);
			runOnlyForDeploymentPostprocessing = 0;
		};
/* End PBXResourcesBuildPhase section */

/* Begin PBXSourcesBuildPhase section */
		FAABCE4C2AE1D6FA0004BFAB /* Sources */ = {
			isa = PBXSourcesBuildPhase;
			buildActionMask = 2147483647;
			files = (
				FAABCE562AE1D6FA0004BFAB /* ContentView.swift in Sources */,
				FAE722BE2AE307BE0096CEEF /* Color-Theme.swift in Sources */,
				FA3A28F62AE6DB5B0096C16D /* Astronaut_View.swift in Sources */,
				FA453D172AE29F32001EBD0A /* Bundle-Decoder.swift in Sources */,
				FAABCE542AE1D6FA0004BFAB /* MoonShotApp.swift in Sources */,
				FA2E29E72AE452DB004A2B37 /* Mission-View.swift in Sources */,
				FA453D192AE29F9A001EBD0A /* Astronaut-Model.swift in Sources */,
				FA453D1B2AE2A7D2001EBD0A /* Mission-Model.swift in Sources */,
			);
			runOnlyForDeploymentPostprocessing = 0;
		};
/* End PBXSourcesBuildPhase section */

/* Begin XCBuildConfiguration section */
		FAABCE5C2AE1D6FB0004BFAB /* Debug */ = {
			isa = XCBuildConfiguration;
			buildSettings = {
				ALWAYS_SEARCH_USER_PATHS = NO;
				ASSETCATALOG_COMPILER_GENERATE_SWIFT_ASSET_SYMBOL_EXTENSIONS = YES;
				CLANG_ANALYZER_NONNULL = YES;
				CLANG_ANALYZER_NUMBER_OBJECT_CONVERSION = YES_AGGRESSIVE;
				CLANG_CXX_LANGUAGE_STANDARD = "gnu++20";
				CLANG_ENABLE_MODULES = YES;
				CLANG_ENABLE_OBJC_ARC = YES;
				CLANG_ENABLE_OBJC_WEAK = YES;
				CLANG_WARN_BLOCK_CAPTURE_AUTORELEASING = YES;
				CLANG_WARN_BOOL_CONVERSION = YES;
				CLANG_WARN_COMMA = YES;
				CLANG_WARN_CONSTANT_CONVERSION = YES;
				CLANG_WARN_DEPRECATED_OBJC_IMPLEMENTATIONS = YES;
				CLANG_WARN_DIRECT_OBJC_ISA_USAGE = YES_ERROR;
				CLANG_WARN_DOCUMENTATION_COMMENTS = YES;
				CLANG_WARN_EMPTY_BODY = YES;
				CLANG_WARN_ENUM_CONVERSION = YES;
				CLANG_WARN_INFINITE_RECURSION = YES;
				CLANG_WARN_INT_CONVERSION = YES;
				CLANG_WARN_NON_LITERAL_NULL_CONVERSION = YES;
				CLANG_WARN_OBJC_IMPLICIT_RETAIN_SELF = YES;
				CLANG_WARN_OBJC_LITERAL_CONVERSION = YES;
				CLANG_WARN_OBJC_ROOT_CLASS = YES_ERROR;
				CLANG_WARN_QUOTED_INCLUDE_IN_FRAMEWORK_HEADER = YES;
				CLANG_WARN_RANGE_LOOP_ANALYSIS = YES;
				CLANG_WARN_STRICT_PROTOTYPES = YES;
				CLANG_WARN_SUSPICIOUS_MOVE = YES;
				CLANG_WARN_UNGUARDED_AVAILABILITY = YES_AGGRESSIVE;
				CLANG_WARN_UNREACHABLE_CODE = YES;
				CLANG_WARN__DUPLICATE_METHOD_MATCH = YES;
				COPY_PHASE_STRIP = NO;
				DEBUG_INFORMATION_FORMAT = dwarf;
				ENABLE_STRICT_OBJC_MSGSEND = YES;
				ENABLE_TESTABILITY = YES;
				ENABLE_USER_SCRIPT_SANDBOXING = YES;
				GCC_C_LANGUAGE_STANDARD = gnu17;
				GCC_DYNAMIC_NO_PIC = NO;
				GCC_NO_COMMON_BLOCKS = YES;
				GCC_OPTIMIZATION_LEVEL = 0;
				GCC_PREPROCESSOR_DEFINITIONS = (
					"DEBUG=1",
					"$(inherited)",
				);
				GCC_WARN_64_TO_32_BIT_CONVERSION = YES;
				GCC_WARN_ABOUT_RETURN_TYPE = YES_ERROR;
				GCC_WARN_UNDECLARED_SELECTOR = YES;
				GCC_WARN_UNINITIALIZED_AUTOS = YES_AGGRESSIVE;
				GCC_WARN_UNUSED_FUNCTION = YES;
				GCC_WARN_UNUSED_VARIABLE = YES;
				IPHONEOS_DEPLOYMENT_TARGET = 17.0;
				LOCALIZATION_PREFERS_STRING_CATALOGS = YES;
				MTL_ENABLE_DEBUG_INFO = INCLUDE_SOURCE;
				MTL_FAST_MATH = YES;
				ONLY_ACTIVE_ARCH = YES;
				SDKROOT = iphoneos;
				SWIFT_ACTIVE_COMPILATION_CONDITIONS = "DEBUG $(inherited)";
				SWIFT_OPTIMIZATION_LEVEL = "-Onone";
			};
			name = Debug;
		};
		FAABCE5D2AE1D6FB0004BFAB /* Release */ = {
			isa = XCBuildConfiguration;
			buildSettings = {
				ALWAYS_SEARCH_USER_PATHS = NO;
				ASSETCATALOG_COMPILER_GENERATE_SWIFT_ASSET_SYMBOL_EXTENSIONS = YES;
				CLANG_ANALYZER_NONNULL = YES;
				CLANG_ANALYZER_NUMBER_OBJECT_CONVERSION = YES_AGGRESSIVE;
				CLANG_CXX_LANGUAGE_STANDARD = "gnu++20";
				CLANG_ENABLE_MODULES = YES;
				CLANG_ENABLE_OBJC_ARC = YES;
				CLANG_ENABLE_OBJC_WEAK = YES;
				CLANG_WARN_BLOCK_CAPTURE_AUTORELEASING = YES;
				CLANG_WARN_BOOL_CONVERSION = YES;
				CLANG_WARN_COMMA = YES;
				CLANG_WARN_CONSTANT_CONVERSION = YES;
				CLANG_WARN_DEPRECATED_OBJC_IMPLEMENTATIONS = YES;
				CLANG_WARN_DIRECT_OBJC_ISA_USAGE = YES_ERROR;
				CLANG_WARN_DOCUMENTATION_COMMENTS = YES;
				CLANG_WARN_EMPTY_BODY = YES;
				CLANG_WARN_ENUM_CONVERSION = YES;
				CLANG_WARN_INFINITE_RECURSION = YES;
				CLANG_WARN_INT_CONVERSION = YES;
				CLANG_WARN_NON_LITERAL_NULL_CONVERSION = YES;
				CLANG_WARN_OBJC_IMPLICIT_RETAIN_SELF = YES;
				CLANG_WARN_OBJC_LITERAL_CONVERSION = YES;
				CLANG_WARN_OBJC_ROOT_CLASS = YES_ERROR;
				CLANG_WARN_QUOTED_INCLUDE_IN_FRAMEWORK_HEADER = YES;
				CLANG_WARN_RANGE_LOOP_ANALYSIS = YES;
				CLANG_WARN_STRICT_PROTOTYPES = YES;
				CLANG_WARN_SUSPICIOUS_MOVE = YES;
				CLANG_WARN_UNGUARDED_AVAILABILITY = YES_AGGRESSIVE;
				CLANG_WARN_UNREACHABLE_CODE = YES;
				CLANG_WARN__DUPLICATE_METHOD_MATCH = YES;
				COPY_PHASE_STRIP = NO;
				DEBUG_INFORMATION_FORMAT = "dwarf-with-dsym";
				ENABLE_NS_ASSERTIONS = NO;
				ENABLE_STRICT_OBJC_MSGSEND = YES;
				ENABLE_USER_SCRIPT_SANDBOXING = YES;
				GCC_C_LANGUAGE_STANDARD = gnu17;
				GCC_NO_COMMON_BLOCKS = YES;
				GCC_WARN_64_TO_32_BIT_CONVERSION = YES;
				GCC_WARN_ABOUT_RETURN_TYPE = YES_ERROR;
				GCC_WARN_UNDECLARED_SELECTOR = YES;
				GCC_WARN_UNINITIALIZED_AUTOS = YES_AGGRESSIVE;
				GCC_WARN_UNUSED_FUNCTION = YES;
				GCC_WARN_UNUSED_VARIABLE = YES;
				IPHONEOS_DEPLOYMENT_TARGET = 17.0;
				LOCALIZATION_PREFERS_STRING_CATALOGS = YES;
				MTL_ENABLE_DEBUG_INFO = NO;
				MTL_FAST_MATH = YES;
				SDKROOT = iphoneos;
				SWIFT_COMPILATION_MODE = wholemodule;
				VALIDATE_PRODUCT = YES;
			};
			name = Release;
		};
		FAABCE5F2AE1D6FB0004BFAB /* Debug */ = {
			isa = XCBuildConfiguration;
			buildSettings = {
				ASSETCATALOG_COMPILER_APPICON_NAME = AppIcon;
				ASSETCATALOG_COMPILER_GLOBAL_ACCENT_COLOR_NAME = AccentColor;
				CODE_SIGN_STYLE = Automatic;
				CURRENT_PROJECT_VERSION = 1;
				DEVELOPMENT_ASSET_PATHS = "\"MoonShot/Preview Content\"";
				DEVELOPMENT_TEAM = B2FRMMPSZQ;
				ENABLE_PREVIEWS = YES;
				GENERATE_INFOPLIST_FILE = YES;
				INFOPLIST_KEY_UIApplicationSceneManifest_Generation = YES;
				INFOPLIST_KEY_UIApplicationSupportsIndirectInputEvents = YES;
				INFOPLIST_KEY_UILaunchScreen_Generation = YES;
				INFOPLIST_KEY_UISupportedInterfaceOrientations_iPad = "UIInterfaceOrientationPortrait UIInterfaceOrientationPortraitUpsideDown UIInterfaceOrientationLandscapeLeft UIInterfaceOrientationLandscapeRight";
				INFOPLIST_KEY_UISupportedInterfaceOrientations_iPhone = "UIInterfaceOrientationPortrait UIInterfaceOrientationLandscapeLeft UIInterfaceOrientationLandscapeRight";
				LD_RUNPATH_SEARCH_PATHS = (
					"$(inherited)",
					"@executable_path/Frameworks",
				);
				MARKETING_VERSION = 1.0;
				PRODUCT_BUNDLE_IDENTIFIER = tekin.furkan.MoonShot;
				PRODUCT_NAME = "$(TARGET_NAME)";
				SWIFT_EMIT_LOC_STRINGS = YES;
				SWIFT_VERSION = 5.0;
				TARGETED_DEVICE_FAMILY = "1,2";
			};
			name = Debug;
		};
		FAABCE602AE1D6FB0004BFAB /* Release */ = {
			isa = XCBuildConfiguration;
			buildSettings = {
				ASSETCATALOG_COMPILER_APPICON_NAME = AppIcon;
				ASSETCATALOG_COMPILER_GLOBAL_ACCENT_COLOR_NAME = AccentColor;
				CODE_SIGN_STYLE = Automatic;
				CURRENT_PROJECT_VERSION = 1;
				DEVELOPMENT_ASSET_PATHS = "\"MoonShot/Preview Content\"";
				DEVELOPMENT_TEAM = B2FRMMPSZQ;
				ENABLE_PREVIEWS = YES;
				GENERATE_INFOPLIST_FILE = YES;
				INFOPLIST_KEY_UIApplicationSceneManifest_Generation = YES;
				INFOPLIST_KEY_UIApplicationSupportsIndirectInputEvents = YES;
				INFOPLIST_KEY_UILaunchScreen_Generation = YES;
				INFOPLIST_KEY_UISupportedInterfaceOrientations_iPad = "UIInterfaceOrientationPortrait UIInterfaceOrientationPortraitUpsideDown UIInterfaceOrientationLandscapeLeft UIInterfaceOrientationLandscapeRight";
				INFOPLIST_KEY_UISupportedInterfaceOrientations_iPhone = "UIInterfaceOrientationPortrait UIInterfaceOrientationLandscapeLeft UIInterfaceOrientationLandscapeRight";
				LD_RUNPATH_SEARCH_PATHS = (
					"$(inherited)",
					"@executable_path/Frameworks",
				);
				MARKETING_VERSION = 1.0;
				PRODUCT_BUNDLE_IDENTIFIER = tekin.furkan.MoonShot;
				PRODUCT_NAME = "$(TARGET_NAME)";
				SWIFT_EMIT_LOC_STRINGS = YES;
				SWIFT_VERSION = 5.0;
				TARGETED_DEVICE_FAMILY = "1,2";
			};
			name = Release;
		};
/* End XCBuildConfiguration section */

/* Begin XCConfigurationList section */
		FAABCE4B2AE1D6F90004BFAB /* Build configuration list for PBXProject "MoonShot" */ = {
			isa = XCConfigurationList;
			buildConfigurations = (
				FAABCE5C2AE1D6FB0004BFAB /* Debug */,
				FAABCE5D2AE1D6FB0004BFAB /* Release */,
			);
			defaultConfigurationIsVisible = 0;
			defaultConfigurationName = Release;
		};
		FAABCE5E2AE1D6FB0004BFAB /* Build configuration list for PBXNativeTarget "MoonShot" */ = {
			isa = XCConfigurationList;
			buildConfigurations = (
				FAABCE5F2AE1D6FB0004BFAB /* Debug */,
				FAABCE602AE1D6FB0004BFAB /* Release */,
			);
			defaultConfigurationIsVisible = 0;
			defaultConfigurationName = Release;
		};
/* End XCConfigurationList section */
	};
	rootObject = FAABCE482AE1D6F90004BFAB /* Project object */;
}
