// !$*UTF8*$!
{
	archiveVersion = 1;
	classes = {
	};
	objectVersion = 56;
	objects = {

/* Begin PBXBuildFile section */
		FA6D223B2AEABBB6009371EF /* Cupcake_CornerApp.swift in Sources */ = {isa = PBXBuildFile; fileRef = FA6D223A2AEABBB6009371EF /* Cupcake_CornerApp.swift */; };
		FA6D223D2AEABBB6009371EF /* ContentView.swift in Sources */ = {isa = PBXBuildFile; fileRef = FA6D223C2AEABBB6009371EF /* ContentView.swift */; };
		FA6D223F2AEABBB7009371EF /* Assets.xcassets in Resources */ = {isa = PBXBuildFile; fileRef = FA6D223E2AEABBB7009371EF /* Assets.xcassets */; };
		FA6D22422AEABBB7009371EF /* Preview Assets.xcassets in Resources */ = {isa = PBXBuildFile; fileRef = FA6D22412AEABBB7009371EF /* Preview Assets.xcassets */; };
		FA6D22492AEABC0E009371EF /* Order-DataModel.swift in Sources */ = {isa = PBXBuildFile; fileRef = FA6D22482AEABC0E009371EF /* Order-DataModel.swift */; };
		FA6D224B2AEAC033009371EF /* AddresView.swift in Sources */ = {isa = PBXBuildFile; fileRef = FA6D224A2AEAC033009371EF /* AddresView.swift */; };
		FA6D224D2AEAC117009371EF /* CheckoutView.swift in Sources */ = {isa = PBXBuildFile; fileRef = FA6D224C2AEAC117009371EF /* CheckoutView.swift */; };
/* End PBXBuildFile section */

/* Begin PBXFileReference section */
		FA6D22372AEABBB6009371EF /* Cupcake Corner.app */ = {isa = PBXFileReference; explicitFileType = wrapper.application; includeInIndex = 0; path = "Cupcake Corner.app"; sourceTree = BUILT_PRODUCTS_DIR; };
		FA6D223A2AEABBB6009371EF /* Cupcake_CornerApp.swift */ = {isa = PBXFileReference; lastKnownFileType = sourcecode.swift; path = Cupcake_CornerApp.swift; sourceTree = "<group>"; };
		FA6D223C2AEABBB6009371EF /* ContentView.swift */ = {isa = PBXFileReference; lastKnownFileType = sourcecode.swift; path = ContentView.swift; sourceTree = "<group>"; };
		FA6D223E2AEABBB7009371EF /* Assets.xcassets */ = {isa = PBXFileReference; lastKnownFileType = folder.assetcatalog; path = Assets.xcassets; sourceTree = "<group>"; };
		FA6D22412AEABBB7009371EF /* Preview Assets.xcassets */ = {isa = PBXFileReference; lastKnownFileType = folder.assetcatalog; path = "Preview Assets.xcassets"; sourceTree = "<group>"; };
		FA6D22482AEABC0E009371EF /* Order-DataModel.swift */ = {isa = PBXFileReference; lastKnownFileType = sourcecode.swift; path = "Order-DataModel.swift"; sourceTree = "<group>"; };
		FA6D224A2AEAC033009371EF /* AddresView.swift */ = {isa = PBXFileReference; lastKnownFileType = sourcecode.swift; path = AddresView.swift; sourceTree = "<group>"; };
		FA6D224C2AEAC117009371EF /* CheckoutView.swift */ = {isa = PBXFileReference; lastKnownFileType = sourcecode.swift; path = CheckoutView.swift; sourceTree = "<group>"; };
/* End PBXFileReference section */

/* Begin PBXFrameworksBuildPhase section */
		FA6D22342AEABBB6009371EF /* Frameworks */ = {
			isa = PBXFrameworksBuildPhase;
			buildActionMask = 2147483647;
			files = (
			);
			runOnlyForDeploymentPostprocessing = 0;
		};
/* End PBXFrameworksBuildPhase section */

/* Begin PBXGroup section */
		FA6D222E2AEABBB6009371EF = {
			isa = PBXGroup;
			children = (
				FA6D22392AEABBB6009371EF /* Cupcake Corner */,
				FA6D22382AEABBB6009371EF /* Products */,
			);
			sourceTree = "<group>";
		};
		FA6D22382AEABBB6009371EF /* Products */ = {
			isa = PBXGroup;
			children = (
				FA6D22372AEABBB6009371EF /* Cupcake Corner.app */,
			);
			name = Products;
			sourceTree = "<group>";
		};
		FA6D22392AEABBB6009371EF /* Cupcake Corner */ = {
			isa = PBXGroup;
			children = (
				FA6D223A2AEABBB6009371EF /* Cupcake_CornerApp.swift */,
				FA6D223C2AEABBB6009371EF /* ContentView.swift */,
				FA6D224C2AEAC117009371EF /* CheckoutView.swift */,
				FA6D224A2AEAC033009371EF /* AddresView.swift */,
				FA6D22482AEABC0E009371EF /* Order-DataModel.swift */,
				FA6D223E2AEABBB7009371EF /* Assets.xcassets */,
				FA6D22402AEABBB7009371EF /* Preview Content */,
			);
			path = "Cupcake Corner";
			sourceTree = "<group>";
		};
		FA6D22402AEABBB7009371EF /* Preview Content */ = {
			isa = PBXGroup;
			children = (
				FA6D22412AEABBB7009371EF /* Preview Assets.xcassets */,
			);
			path = "Preview Content";
			sourceTree = "<group>";
		};
/* End PBXGroup section */

/* Begin PBXNativeTarget section */
		FA6D22362AEABBB6009371EF /* Cupcake Corner */ = {
			isa = PBXNativeTarget;
			buildConfigurationList = FA6D22452AEABBB7009371EF /* Build configuration list for PBXNativeTarget "Cupcake Corner" */;
			buildPhases = (
				FA6D22332AEABBB6009371EF /* Sources */,
				FA6D22342AEABBB6009371EF /* Frameworks */,
				FA6D22352AEABBB6009371EF /* Resources */,
			);
			buildRules = (
			);
			dependencies = (
			);
			name = "Cupcake Corner";
			productName = "Cupcake Corner";
			productReference = FA6D22372AEABBB6009371EF /* Cupcake Corner.app */;
			productType = "com.apple.product-type.application";
		};
/* End PBXNativeTarget section */

/* Begin PBXProject section */
		FA6D222F2AEABBB6009371EF /* Project object */ = {
			isa = PBXProject;
			attributes = {
				BuildIndependentTargetsInParallel = 1;
				LastSwiftUpdateCheck = 1500;
				LastUpgradeCheck = 1500;
				TargetAttributes = {
					FA6D22362AEABBB6009371EF = {
						CreatedOnToolsVersion = 15.0.1;
					};
				};
			};
			buildConfigurationList = FA6D22322AEABBB6009371EF /* Build configuration list for PBXProject "Cupcake Corner" */;
			compatibilityVersion = "Xcode 14.0";
			developmentRegion = en;
			hasScannedForEncodings = 0;
			knownRegions = (
				en,
				Base,
			);
			mainGroup = FA6D222E2AEABBB6009371EF;
			productRefGroup = FA6D22382AEABBB6009371EF /* Products */;
			projectDirPath = "";
			projectRoot = "";
			targets = (
				FA6D22362AEABBB6009371EF /* Cupcake Corner */,
			);
		};
/* End PBXProject section */

/* Begin PBXResourcesBuildPhase section */
		FA6D22352AEABBB6009371EF /* Resources */ = {
			isa = PBXResourcesBuildPhase;
			buildActionMask = 2147483647;
			files = (
				FA6D22422AEABBB7009371EF /* Preview Assets.xcassets in Resources */,
				FA6D223F2AEABBB7009371EF /* Assets.xcassets in Resources */,
			);
			runOnlyForDeploymentPostprocessing = 0;
		};
/* End PBXResourcesBuildPhase section */

/* Begin PBXSourcesBuildPhase section */
		FA6D22332AEABBB6009371EF /* Sources */ = {
			isa = PBXSourcesBuildPhase;
			buildActionMask = 2147483647;
			files = (
				FA6D223D2AEABBB6009371EF /* ContentView.swift in Sources */,
				FA6D224B2AEAC033009371EF /* AddresView.swift in Sources */,
				FA6D224D2AEAC117009371EF /* CheckoutView.swift in Sources */,
				FA6D223B2AEABBB6009371EF /* Cupcake_CornerApp.swift in Sources */,
				FA6D22492AEABC0E009371EF /* Order-DataModel.swift in Sources */,
			);
			runOnlyForDeploymentPostprocessing = 0;
		};
/* End PBXSourcesBuildPhase section */

/* Begin XCBuildConfiguration section */
		FA6D22432AEABBB7009371EF /* Debug */ = {
			isa = XCBuildConfiguration;
			buildSettings = {
				ALWAYS_SEARCH_USER_PATHS = NO;
				ASSETCATALOG_COMPILER_GENERATE_SWIFT_ASSET_SYMBOL_EXTENSIONS = YES;
				CLANG_ANALYZER_NONNULL = YES;
				CLANG_ANALYZER_NUMBER_OBJECT_CONVERSION = YES_AGGRESSIVE;
				CLANG_CXX_LANGUAGE_STANDARD = "gnu++20";
				CLANG_ENABLE_MODULES = YES;
				CLANG_ENABLE_OBJC_ARC = YES;
				CLANG_ENABLE_OBJC_WEAK = YES;
				CLANG_WARN_BLOCK_CAPTURE_AUTORELEASING = YES;
				CLANG_WARN_BOOL_CONVERSION = YES;
				CLANG_WARN_COMMA = YES;
				CLANG_WARN_CONSTANT_CONVERSION = YES;
				CLANG_WARN_DEPRECATED_OBJC_IMPLEMENTATIONS = YES;
				CLANG_WARN_DIRECT_OBJC_ISA_USAGE = YES_ERROR;
				CLANG_WARN_DOCUMENTATION_COMMENTS = YES;
				CLANG_WARN_EMPTY_BODY = YES;
				CLANG_WARN_ENUM_CONVERSION = YES;
				CLANG_WARN_INFINITE_RECURSION = YES;
				CLANG_WARN_INT_CONVERSION = YES;
				CLANG_WARN_NON_LITERAL_NULL_CONVERSION = YES;
				CLANG_WARN_OBJC_IMPLICIT_RETAIN_SELF = YES;
				CLANG_WARN_OBJC_LITERAL_CONVERSION = YES;
				CLANG_WARN_OBJC_ROOT_CLASS = YES_ERROR;
				CLANG_WARN_QUOTED_INCLUDE_IN_FRAMEWORK_HEADER = YES;
				CLANG_WARN_RANGE_LOOP_ANALYSIS = YES;
				CLANG_WARN_STRICT_PROTOTYPES = YES;
				CLANG_WARN_SUSPICIOUS_MOVE = YES;
				CLANG_WARN_UNGUARDED_AVAILABILITY = YES_AGGRESSIVE;
				CLANG_WARN_UNREACHABLE_CODE = YES;
				CLANG_WARN__DUPLICATE_METHOD_MATCH = YES;
				COPY_PHASE_STRIP = NO;
				DEBUG_INFORMATION_FORMAT = dwarf;
				ENABLE_STRICT_OBJC_MSGSEND = YES;
				ENABLE_TESTABILITY = YES;
				ENABLE_USER_SCRIPT_SANDBOXING = YES;
				GCC_C_LANGUAGE_STANDARD = gnu17;
				GCC_DYNAMIC_NO_PIC = NO;
				GCC_NO_COMMON_BLOCKS = YES;
				GCC_OPTIMIZATION_LEVEL = 0;
				GCC_PREPROCESSOR_DEFINITIONS = (
					"DEBUG=1",
					"$(inherited)",
				);
				GCC_WARN_64_TO_32_BIT_CONVERSION = YES;
				GCC_WARN_ABOUT_RETURN_TYPE = YES_ERROR;
				GCC_WARN_UNDECLARED_SELECTOR = YES;
				GCC_WARN_UNINITIALIZED_AUTOS = YES_AGGRESSIVE;
				GCC_WARN_UNUSED_FUNCTION = YES;
				GCC_WARN_UNUSED_VARIABLE = YES;
				IPHONEOS_DEPLOYMENT_TARGET = 17.0;
				LOCALIZATION_PREFERS_STRING_CATALOGS = YES;
				MTL_ENABLE_DEBUG_INFO = INCLUDE_SOURCE;
				MTL_FAST_MATH = YES;
				ONLY_ACTIVE_ARCH = YES;
				SDKROOT = iphoneos;
				SWIFT_ACTIVE_COMPILATION_CONDITIONS = "DEBUG $(inherited)";
				SWIFT_OPTIMIZATION_LEVEL = "-Onone";
			};
			name = Debug;
		};
		FA6D22442AEABBB7009371EF /* Release */ = {
			isa = XCBuildConfiguration;
			buildSettings = {
				ALWAYS_SEARCH_USER_PATHS = NO;
				ASSETCATALOG_COMPILER_GENERATE_SWIFT_ASSET_SYMBOL_EXTENSIONS = YES;
				CLANG_ANALYZER_NONNULL = YES;
				CLANG_ANALYZER_NUMBER_OBJECT_CONVERSION = YES_AGGRESSIVE;
				CLANG_CXX_LANGUAGE_STANDARD = "gnu++20";
				CLANG_ENABLE_MODULES = YES;
				CLANG_ENABLE_OBJC_ARC = YES;
				CLANG_ENABLE_OBJC_WEAK = YES;
				CLANG_WARN_BLOCK_CAPTURE_AUTORELEASING = YES;
				CLANG_WARN_BOOL_CONVERSION = YES;
				CLANG_WARN_COMMA = YES;
				CLANG_WARN_CONSTANT_CONVERSION = YES;
				CLANG_WARN_DEPRECATED_OBJC_IMPLEMENTATIONS = YES;
				CLANG_WARN_DIRECT_OBJC_ISA_USAGE = YES_ERROR;
				CLANG_WARN_DOCUMENTATION_COMMENTS = YES;
				CLANG_WARN_EMPTY_BODY = YES;
				CLANG_WARN_ENUM_CONVERSION = YES;
				CLANG_WARN_INFINITE_RECURSION = YES;
				CLANG_WARN_INT_CONVERSION = YES;
				CLANG_WARN_NON_LITERAL_NULL_CONVERSION = YES;
				CLANG_WARN_OBJC_IMPLICIT_RETAIN_SELF = YES;
				CLANG_WARN_OBJC_LITERAL_CONVERSION = YES;
				CLANG_WARN_OBJC_ROOT_CLASS = YES_ERROR;
				CLANG_WARN_QUOTED_INCLUDE_IN_FRAMEWORK_HEADER = YES;
				CLANG_WARN_RANGE_LOOP_ANALYSIS = YES;
				CLANG_WARN_STRICT_PROTOTYPES = YES;
				CLANG_WARN_SUSPICIOUS_MOVE = YES;
				CLANG_WARN_UNGUARDED_AVAILABILITY = YES_AGGRESSIVE;
				CLANG_WARN_UNREACHABLE_CODE = YES;
				CLANG_WARN__DUPLICATE_METHOD_MATCH = YES;
				COPY_PHASE_STRIP = NO;
				DEBUG_INFORMATION_FORMAT = "dwarf-with-dsym";
				ENABLE_NS_ASSERTIONS = NO;
				ENABLE_STRICT_OBJC_MSGSEND = YES;
				ENABLE_USER_SCRIPT_SANDBOXING = YES;
				GCC_C_LANGUAGE_STANDARD = gnu17;
				GCC_NO_COMMON_BLOCKS = YES;
				GCC_WARN_64_TO_32_BIT_CONVERSION = YES;
				GCC_WARN_ABOUT_RETURN_TYPE = YES_ERROR;
				GCC_WARN_UNDECLARED_SELECTOR = YES;
				GCC_WARN_UNINITIALIZED_AUTOS = YES_AGGRESSIVE;
				GCC_WARN_UNUSED_FUNCTION = YES;
				GCC_WARN_UNUSED_VARIABLE = YES;
				IPHONEOS_DEPLOYMENT_TARGET = 17.0;
				LOCALIZATION_PREFERS_STRING_CATALOGS = YES;
				MTL_ENABLE_DEBUG_INFO = NO;
				MTL_FAST_MATH = YES;
				SDKROOT = iphoneos;
				SWIFT_COMPILATION_MODE = wholemodule;
				VALIDATE_PRODUCT = YES;
			};
			name = Release;
		};
		FA6D22462AEABBB7009371EF /* Debug */ = {
			isa = XCBuildConfiguration;
			buildSettings = {
				ASSETCATALOG_COMPILER_APPICON_NAME = AppIcon;
				ASSETCATALOG_COMPILER_GLOBAL_ACCENT_COLOR_NAME = AccentColor;
				CODE_SIGN_STYLE = Automatic;
				CURRENT_PROJECT_VERSION = 1;
				DEVELOPMENT_ASSET_PATHS = "\"Cupcake Corner/Preview Content\"";
				DEVELOPMENT_TEAM = B2FRMMPSZQ;
				ENABLE_PREVIEWS = YES;
				GENERATE_INFOPLIST_FILE = YES;
				INFOPLIST_KEY_UIApplicationSceneManifest_Generation = YES;
				INFOPLIST_KEY_UIApplicationSupportsIndirectInputEvents = YES;
				INFOPLIST_KEY_UILaunchScreen_Generation = YES;
				INFOPLIST_KEY_UISupportedInterfaceOrientations_iPad = "UIInterfaceOrientationPortrait UIInterfaceOrientationPortraitUpsideDown UIInterfaceOrientationLandscapeLeft UIInterfaceOrientationLandscapeRight";
				INFOPLIST_KEY_UISupportedInterfaceOrientations_iPhone = "UIInterfaceOrientationPortrait UIInterfaceOrientationLandscapeLeft UIInterfaceOrientationLandscapeRight";
				LD_RUNPATH_SEARCH_PATHS = (
					"$(inherited)",
					"@executable_path/Frameworks",
				);
				MARKETING_VERSION = 1.0;
				PRODUCT_BUNDLE_IDENTIFIER = "tekin.furkan.Cupcake-Corner";
				PRODUCT_NAME = "$(TARGET_NAME)";
				SWIFT_EMIT_LOC_STRINGS = YES;
				SWIFT_VERSION = 5.0;
				TARGETED_DEVICE_FAMILY = "1,2";
			};
			name = Debug;
		};
		FA6D22472AEABBB7009371EF /* Release */ = {
			isa = XCBuildConfiguration;
			buildSettings = {
				ASSETCATALOG_COMPILER_APPICON_NAME = AppIcon;
				ASSETCATALOG_COMPILER_GLOBAL_ACCENT_COLOR_NAME = AccentColor;
				CODE_SIGN_STYLE = Automatic;
				CURRENT_PROJECT_VERSION = 1;
				DEVELOPMENT_ASSET_PATHS = "\"Cupcake Corner/Preview Content\"";
				DEVELOPMENT_TEAM = B2FRMMPSZQ;
				ENABLE_PREVIEWS = YES;
				GENERATE_INFOPLIST_FILE = YES;
				INFOPLIST_KEY_UIApplicationSceneManifest_Generation = YES;
				INFOPLIST_KEY_UIApplicationSupportsIndirectInputEvents = YES;
				INFOPLIST_KEY_UILaunchScreen_Generation = YES;
				INFOPLIST_KEY_UISupportedInterfaceOrientations_iPad = "UIInterfaceOrientationPortrait UIInterfaceOrientationPortraitUpsideDown UIInterfaceOrientationLandscapeLeft UIInterfaceOrientationLandscapeRight";
				INFOPLIST_KEY_UISupportedInterfaceOrientations_iPhone = "UIInterfaceOrientationPortrait UIInterfaceOrientationLandscapeLeft UIInterfaceOrientationLandscapeRight";
				LD_RUNPATH_SEARCH_PATHS = (
					"$(inherited)",
					"@executable_path/Frameworks",
				);
				MARKETING_VERSION = 1.0;
				PRODUCT_BUNDLE_IDENTIFIER = "tekin.furkan.Cupcake-Corner";
				PRODUCT_NAME = "$(TARGET_NAME)";
				SWIFT_EMIT_LOC_STRINGS = YES;
				SWIFT_VERSION = 5.0;
				TARGETED_DEVICE_FAMILY = "1,2";
			};
			name = Release;
		};
/* End XCBuildConfiguration section */

/* Begin XCConfigurationList section */
		FA6D22322AEABBB6009371EF /* Build configuration list for PBXProject "Cupcake Corner" */ = {
			isa = XCConfigurationList;
			buildConfigurations = (
				FA6D22432AEABBB7009371EF /* Debug */,
				FA6D22442AEABBB7009371EF /* Release */,
			);
			defaultConfigurationIsVisible = 0;
			defaultConfigurationName = Release;
		};
		FA6D22452AEABBB7009371EF /* Build configuration list for PBXNativeTarget "Cupcake Corner" */ = {
			isa = XCConfigurationList;
			buildConfigurations = (
				FA6D22462AEABBB7009371EF /* Debug */,
				FA6D22472AEABBB7009371EF /* Release */,
			);
			defaultConfigurationIsVisible = 0;
			defaultConfigurationName = Release;
		};
/* End XCConfigurationList section */
	};
	rootObject = FA6D222F2AEABBB6009371EF /* Project object */;
}
